// !$*UTF8*$!
{
	archiveVersion = 1;
	classes = {
	};
	objectVersion = 50;
	objects = {

/* Begin PBXBuildFile section */
		FB16CB452272022E00002CF2 /* AppDelegate.m in Sources */ = {isa = PBXBuildFile; fileRef = FB16CB442272022E00002CF2 /* AppDelegate.m */; };
		FB16CB502272022E00002CF2 /* main.m in Sources */ = {isa = PBXBuildFile; fileRef = FB16CB4F2272022E00002CF2 /* main.m */; };
		FB16CB70227206C600002CF2 /* LoginHelper.app in Copy LoginHelper */ = {isa = PBXBuildFile; fileRef = FB16CB5B2272068400002CF2 /* LoginHelper.app */; settings = {ATTRIBUTES = (RemoveHeadersOnCopy, ); }; };
		FB16CB74227206FC00002CF2 /* AppDelegate.m in Sources */ = {isa = PBXBuildFile; fileRef = FB16CB71227206FC00002CF2 /* AppDelegate.m */; };
		FB16CB75227206FC00002CF2 /* main.m in Sources */ = {isa = PBXBuildFile; fileRef = FB16CB73227206FC00002CF2 /* main.m */; };
/* End PBXBuildFile section */

/* Begin PBXCopyFilesBuildPhase section */
		FB16CB6F227206A200002CF2 /* Copy LoginHelper */ = {
			isa = PBXCopyFilesBuildPhase;
			buildActionMask = 2147483647;
			dstPath = Contents/Library/LoginItems;
			dstSubfolderSpec = 1;
			files = (
				FB16CB70227206C600002CF2 /* LoginHelper.app in Copy LoginHelper */,
			);
			name = "Copy LoginHelper";
			runOnlyForDeploymentPostprocessing = 0;
		};
/* End PBXCopyFilesBuildPhase section */

/* Begin PBXFileReference section */
		FB16CB402272022E00002CF2 /* LookUpHotKey.app */ = {isa = PBXFileReference; explicitFileType = wrapper.application; includeInIndex = 0; path = LookUpHotKey.app; sourceTree = BUILT_PRODUCTS_DIR; };
		FB16CB432272022E00002CF2 /* AppDelegate.h */ = {isa = PBXFileReference; lastKnownFileType = sourcecode.c.h; path = AppDelegate.h; sourceTree = "<group>"; };
		FB16CB442272022E00002CF2 /* AppDelegate.m */ = {isa = PBXFileReference; lastKnownFileType = sourcecode.c.objc; path = AppDelegate.m; sourceTree = "<group>"; };
		FB16CB4E2272022E00002CF2 /* Info.plist */ = {isa = PBXFileReference; lastKnownFileType = text.plist.xml; path = Info.plist; sourceTree = "<group>"; };
		FB16CB4F2272022E00002CF2 /* main.m */ = {isa = PBXFileReference; lastKnownFileType = sourcecode.c.objc; path = main.m; sourceTree = "<group>"; };
		FB16CB5B2272068400002CF2 /* LoginHelper.app */ = {isa = PBXFileReference; explicitFileType = wrapper.application; includeInIndex = 0; path = LoginHelper.app; sourceTree = BUILT_PRODUCTS_DIR; };
		FB16CB682272068500002CF2 /* Info.plist */ = {isa = PBXFileReference; lastKnownFileType = text.plist.xml; path = Info.plist; sourceTree = "<group>"; };
		FB16CB6B2272068500002CF2 /* LoginHelper.entitlements */ = {isa = PBXFileReference; lastKnownFileType = text.plist.entitlements; path = LoginHelper.entitlements; sourceTree = "<group>"; };
		FB16CB71227206FC00002CF2 /* AppDelegate.m */ = {isa = PBXFileReference; fileEncoding = 4; lastKnownFileType = sourcecode.c.objc; path = AppDelegate.m; sourceTree = "<group>"; };
		FB16CB72227206FC00002CF2 /* AppDelegate.h */ = {isa = PBXFileReference; fileEncoding = 4; lastKnownFileType = sourcecode.c.h; path = AppDelegate.h; sourceTree = "<group>"; };
		FB16CB73227206FC00002CF2 /* main.m */ = {isa = PBXFileReference; fileEncoding = 4; lastKnownFileType = sourcecode.c.objc; path = main.m; sourceTree = "<group>"; };
/* End PBXFileReference section */

/* Begin PBXFrameworksBuildPhase section */
		FB16CB3D2272022E00002CF2 /* Frameworks */ = {
			isa = PBXFrameworksBuildPhase;
			buildActionMask = 2147483647;
			files = (
			);
			runOnlyForDeploymentPostprocessing = 0;
		};
		FB16CB582272068400002CF2 /* Frameworks */ = {
			isa = PBXFrameworksBuildPhase;
			buildActionMask = 2147483647;
			files = (
			);
			runOnlyForDeploymentPostprocessing = 0;
		};
/* End PBXFrameworksBuildPhase section */

/* Begin PBXGroup section */
		FB16CB372272022E00002CF2 = {
			isa = PBXGroup;
			children = (
				FB16CB422272022E00002CF2 /* LookUpHotKey */,
				FB16CB5C2272068400002CF2 /* LoginHelper */,
				FB16CB412272022E00002CF2 /* Products */,
			);
			sourceTree = "<group>";
		};
		FB16CB412272022E00002CF2 /* Products */ = {
			isa = PBXGroup;
			children = (
				FB16CB402272022E00002CF2 /* LookUpHotKey.app */,
				FB16CB5B2272068400002CF2 /* LoginHelper.app */,
			);
			name = Products;
			sourceTree = "<group>";
		};
		FB16CB422272022E00002CF2 /* LookUpHotKey */ = {
			isa = PBXGroup;
			children = (
				FB16CB432272022E00002CF2 /* AppDelegate.h */,
				FB16CB442272022E00002CF2 /* AppDelegate.m */,
				FB16CB4E2272022E00002CF2 /* Info.plist */,
				FB16CB4F2272022E00002CF2 /* main.m */,
			);
			path = LookUpHotKey;
			sourceTree = "<group>";
		};
		FB16CB5C2272068400002CF2 /* LoginHelper */ = {
			isa = PBXGroup;
			children = (
				FB16CB72227206FC00002CF2 /* AppDelegate.h */,
				FB16CB71227206FC00002CF2 /* AppDelegate.m */,
				FB16CB682272068500002CF2 /* Info.plist */,
				FB16CB73227206FC00002CF2 /* main.m */,
				FB16CB6B2272068500002CF2 /* LoginHelper.entitlements */,
			);
			path = LoginHelper;
			sourceTree = "<group>";
		};
/* End PBXGroup section */

/* Begin PBXNativeTarget section */
		FB16CB3F2272022E00002CF2 /* LookUpHotKey */ = {
			isa = PBXNativeTarget;
			buildConfigurationList = FB16CB542272022E00002CF2 /* Build configuration list for PBXNativeTarget "LookUpHotKey" */;
			buildPhases = (
				FB16CB3C2272022E00002CF2 /* Sources */,
				FB16CB3D2272022E00002CF2 /* Frameworks */,
				FB16CB3E2272022E00002CF2 /* Resources */,
				FB16CB6F227206A200002CF2 /* Copy LoginHelper */,
			);
			buildRules = (
			);
			dependencies = (
			);
			name = LookUpHotKey;
			productName = LookUpHotKey;
			productReference = FB16CB402272022E00002CF2 /* LookUpHotKey.app */;
			productType = "com.apple.product-type.application";
		};
		FB16CB5A2272068400002CF2 /* LoginHelper */ = {
			isa = PBXNativeTarget;
			buildConfigurationList = FB16CB6C2272068500002CF2 /* Build configuration list for PBXNativeTarget "LoginHelper" */;
			buildPhases = (
				FB16CB572272068400002CF2 /* Sources */,
				FB16CB582272068400002CF2 /* Frameworks */,
				FB16CB592272068400002CF2 /* Resources */,
			);
			buildRules = (
			);
			dependencies = (
			);
			name = LoginHelper;
			productName = LoginHelper;
			productReference = FB16CB5B2272068400002CF2 /* LoginHelper.app */;
			productType = "com.apple.product-type.application";
		};
/* End PBXNativeTarget section */

/* Begin PBXProject section */
		FB16CB382272022E00002CF2 /* Project object */ = {
			isa = PBXProject;
			attributes = {
				LastUpgradeCheck = 1020;
				ORGANIZATIONNAME = "Jonny Kuang";
				TargetAttributes = {
					FB16CB3F2272022E00002CF2 = {
						CreatedOnToolsVersion = 10.2.1;
						SystemCapabilities = {
							com.apple.HardenedRuntime = {
								enabled = 1;
							};
						};
					};
					FB16CB5A2272068400002CF2 = {
						CreatedOnToolsVersion = 10.2.1;
						SystemCapabilities = {
							com.apple.HardenedRuntime = {
								enabled = 1;
							};
						};
					};
				};
			};
			buildConfigurationList = FB16CB3B2272022E00002CF2 /* Build configuration list for PBXProject "LookUpHotKey" */;
			compatibilityVersion = "Xcode 9.3";
			developmentRegion = en;
			hasScannedForEncodings = 0;
			knownRegions = (
				en,
				Base,
			);
			mainGroup = FB16CB372272022E00002CF2;
			productRefGroup = FB16CB412272022E00002CF2 /* Products */;
			projectDirPath = "";
			projectRoot = "";
			targets = (
				FB16CB3F2272022E00002CF2 /* LookUpHotKey */,
				FB16CB5A2272068400002CF2 /* LoginHelper */,
			);
		};
/* End PBXProject section */

/* Begin PBXResourcesBuildPhase section */
		FB16CB3E2272022E00002CF2 /* Resources */ = {
			isa = PBXResourcesBuildPhase;
			buildActionMask = 2147483647;
			files = (
			);
			runOnlyForDeploymentPostprocessing = 0;
		};
		FB16CB592272068400002CF2 /* Resources */ = {
			isa = PBXResourcesBuildPhase;
			buildActionMask = 2147483647;
			files = (
			);
			runOnlyForDeploymentPostprocessing = 0;
		};
/* End PBXResourcesBuildPhase section */

/* Begin PBXSourcesBuildPhase section */
		FB16CB3C2272022E00002CF2 /* Sources */ = {
			isa = PBXSourcesBuildPhase;
			buildActionMask = 2147483647;
			files = (
				FB16CB502272022E00002CF2 /* main.m in Sources */,
				FB16CB452272022E00002CF2 /* AppDelegate.m in Sources */,
			);
			runOnlyForDeploymentPostprocessing = 0;
		};
		FB16CB572272068400002CF2 /* Sources */ = {
			isa = PBXSourcesBuildPhase;
			buildActionMask = 2147483647;
			files = (
				FB16CB75227206FC00002CF2 /* main.m in Sources */,
				FB16CB74227206FC00002CF2 /* AppDelegate.m in Sources */,
			);
			runOnlyForDeploymentPostprocessing = 0;
		};
/* End PBXSourcesBuildPhase section */

/* Begin XCBuildConfiguration section */
		FB16CB522272022E00002CF2 /* Debug */ = {
			isa = XCBuildConfiguration;
			buildSettings = {
				ALWAYS_SEARCH_USER_PATHS = NO;
				CLANG_ANALYZER_NONNULL = YES;
				CLANG_ANALYZER_NUMBER_OBJECT_CONVERSION = YES_AGGRESSIVE;
				CLANG_CXX_LANGUAGE_STANDARD = "gnu++14";
				CLANG_CXX_LIBRARY = "libc++";
				CLANG_ENABLE_MODULES = YES;
				CLANG_ENABLE_OBJC_ARC = YES;
				CLANG_ENABLE_OBJC_WEAK = YES;
				CLANG_WARN_BLOCK_CAPTURE_AUTORELEASING = YES;
				CLANG_WARN_BOOL_CONVERSION = YES;
				CLANG_WARN_COMMA = YES;
				CLANG_WARN_CONSTANT_CONVERSION = YES;
				CLANG_WARN_DEPRECATED_OBJC_IMPLEMENTATIONS = YES;
				CLANG_WARN_DIRECT_OBJC_ISA_USAGE = YES_ERROR;
				CLANG_WARN_DOCUMENTATION_COMMENTS = YES;
				CLANG_WARN_EMPTY_BODY = YES;
				CLANG_WARN_ENUM_CONVERSION = YES;
				CLANG_WARN_INFINITE_RECURSION = YES;
				CLANG_WARN_INT_CONVERSION = YES;
				CLANG_WARN_NON_LITERAL_NULL_CONVERSION = YES;
				CLANG_WARN_OBJC_IMPLICIT_RETAIN_SELF = YES;
				CLANG_WARN_OBJC_LITERAL_CONVERSION = YES;
				CLANG_WARN_OBJC_ROOT_CLASS = YES_ERROR;
				CLANG_WARN_RANGE_LOOP_ANALYSIS = YES;
				CLANG_WARN_STRICT_PROTOTYPES = YES;
				CLANG_WARN_SUSPICIOUS_MOVE = YES;
				CLANG_WARN_UNGUARDED_AVAILABILITY = YES_AGGRESSIVE;
				CLANG_WARN_UNREACHABLE_CODE = YES;
				CLANG_WARN__DUPLICATE_METHOD_MATCH = YES;
				CODE_SIGN_IDENTITY = "Mac Developer";
				COPY_PHASE_STRIP = NO;
				DEBUG_INFORMATION_FORMAT = dwarf;
				ENABLE_STRICT_OBJC_MSGSEND = YES;
				ENABLE_TESTABILITY = YES;
				GCC_C_LANGUAGE_STANDARD = gnu11;
				GCC_DYNAMIC_NO_PIC = NO;
				GCC_NO_COMMON_BLOCKS = YES;
				GCC_OPTIMIZATION_LEVEL = 0;
				GCC_PREPROCESSOR_DEFINITIONS = (
					"DEBUG=1",
					"$(inherited)",
				);
				GCC_WARN_64_TO_32_BIT_CONVERSION = YES;
				GCC_WARN_ABOUT_RETURN_TYPE = YES_ERROR;
				GCC_WARN_UNDECLARED_SELECTOR = YES;
				GCC_WARN_UNINITIALIZED_AUTOS = YES_AGGRESSIVE;
				GCC_WARN_UNUSED_FUNCTION = YES;
				GCC_WARN_UNUSED_VARIABLE = YES;
				MACOSX_DEPLOYMENT_TARGET = 10.14;
				MTL_ENABLE_DEBUG_INFO = INCLUDE_SOURCE;
				MTL_FAST_MATH = YES;
				ONLY_ACTIVE_ARCH = YES;
				SDKROOT = macosx;
			};
			name = Debug;
		};
		FB16CB532272022E00002CF2 /* Release */ = {
			isa = XCBuildConfiguration;
			buildSettings = {
				ALWAYS_SEARCH_USER_PATHS = NO;
				CLANG_ANALYZER_NONNULL = YES;
				CLANG_ANALYZER_NUMBER_OBJECT_CONVERSION = YES_AGGRESSIVE;
				CLANG_CXX_LANGUAGE_STANDARD = "gnu++14";
				CLANG_CXX_LIBRARY = "libc++";
				CLANG_ENABLE_MODULES = YES;
				CLANG_ENABLE_OBJC_ARC = YES;
				CLANG_ENABLE_OBJC_WEAK = YES;
				CLANG_WARN_BLOCK_CAPTURE_AUTORELEASING = YES;
				CLANG_WARN_BOOL_CONVERSION = YES;
				CLANG_WARN_COMMA = YES;
				CLANG_WARN_CONSTANT_CONVERSION = YES;
				CLANG_WARN_DEPRECATED_OBJC_IMPLEMENTATIONS = YES;
				CLANG_WARN_DIRECT_OBJC_ISA_USAGE = YES_ERROR;
				CLANG_WARN_DOCUMENTATION_COMMENTS = YES;
				CLANG_WARN_EMPTY_BODY = YES;
				CLANG_WARN_ENUM_CONVERSION = YES;
				CLANG_WARN_INFINITE_RECURSION = YES;
				CLANG_WARN_INT_CONVERSION = YES;
				CLANG_WARN_NON_LITERAL_NULL_CONVERSION = YES;
				CLANG_WARN_OBJC_IMPLICIT_RETAIN_SELF = YES;
				CLANG_WARN_OBJC_LITERAL_CONVERSION = YES;
				CLANG_WARN_OBJC_ROOT_CLASS = YES_ERROR;
				CLANG_WARN_RANGE_LOOP_ANALYSIS = YES;
				CLANG_WARN_STRICT_PROTOTYPES = YES;
				CLANG_WARN_SUSPICIOUS_MOVE = YES;
				CLANG_WARN_UNGUARDED_AVAILABILITY = YES_AGGRESSIVE;
				CLANG_WARN_UNREACHABLE_CODE = YES;
				CLANG_WARN__DUPLICATE_METHOD_MATCH = YES;
				CODE_SIGN_IDENTITY = "Mac Developer";
				COPY_PHASE_STRIP = NO;
				DEBUG_INFORMATION_FORMAT = "dwarf-with-dsym";
				ENABLE_NS_ASSERTIONS = NO;
				ENABLE_STRICT_OBJC_MSGSEND = YES;
				GCC_C_LANGUAGE_STANDARD = gnu11;
				GCC_NO_COMMON_BLOCKS = YES;
				GCC_WARN_64_TO_32_BIT_CONVERSION = YES;
				GCC_WARN_ABOUT_RETURN_TYPE = YES_ERROR;
				GCC_WARN_UNDECLARED_SELECTOR = YES;
				GCC_WARN_UNINITIALIZED_AUTOS = YES_AGGRESSIVE;
				GCC_WARN_UNUSED_FUNCTION = YES;
				GCC_WARN_UNUSED_VARIABLE = YES;
				MACOSX_DEPLOYMENT_TARGET = 10.14;
				MTL_ENABLE_DEBUG_INFO = NO;
				MTL_FAST_MATH = YES;
				SDKROOT = macosx;
			};
			name = Release;
		};
		FB16CB552272022E00002CF2 /* Debug */ = {
			isa = XCBuildConfiguration;
			buildSettings = {
				CODE_SIGN_STYLE = Automatic;
				COMBINE_HIDPI_IMAGES = YES;
				DEVELOPMENT_TEAM = FF973S8UP2;
				ENABLE_HARDENED_RUNTIME = YES;
				INFOPLIST_FILE = LookUpHotKey/Info.plist;
				LD_RUNPATH_SEARCH_PATHS = (
					"$(inherited)",
					"@executable_path/../Frameworks",
				);
				MACOSX_DEPLOYMENT_TARGET = 10.9;
				PRODUCT_BUNDLE_IDENTIFIER = com.jonny.LookUpHotKey;
				PRODUCT_NAME = "$(TARGET_NAME)";
			};
			name = Debug;
		};
		FB16CB562272022E00002CF2 /* Release */ = {
			isa = XCBuildConfiguration;
			buildSettings = {
				CODE_SIGN_STYLE = Automatic;
				COMBINE_HIDPI_IMAGES = YES;
				DEVELOPMENT_TEAM = FF973S8UP2;
				ENABLE_HARDENED_RUNTIME = YES;
				INFOPLIST_FILE = LookUpHotKey/Info.plist;
				LD_RUNPATH_SEARCH_PATHS = (
					"$(inherited)",
					"@executable_path/../Frameworks",
				);
				MACOSX_DEPLOYMENT_TARGET = 10.9;
				PRODUCT_BUNDLE_IDENTIFIER = com.jonny.LookUpHotKey;
				PRODUCT_NAME = "$(TARGET_NAME)";
			};
			name = Release;
		};
		FB16CB6D2272068500002CF2 /* Debug */ = {
			isa = XCBuildConfiguration;
			buildSettings = {
				CODE_SIGN_ENTITLEMENTS = LoginHelper/LoginHelper.entitlements;
				CODE_SIGN_STYLE = Automatic;
				COMBINE_HIDPI_IMAGES = YES;
				DEVELOPMENT_TEAM = FF973S8UP2;
				ENABLE_HARDENED_RUNTIME = YES;
				INFOPLIST_FILE = LoginHelper/Info.plist;
				LD_RUNPATH_SEARCH_PATHS = (
					"$(inherited)",
					"@executable_path/../Frameworks",
				);
				MACOSX_DEPLOYMENT_TARGET = 10.9;
				PRODUCT_BUNDLE_IDENTIFIER = com.jonny.LookUpHotKeyLoginHelper;
				PRODUCT_NAME = "$(TARGET_NAME)";
				SKIP_INSTALL = YES;
			};
			name = Debug;
		};
		FB16CB6E2272068500002CF2 /* Release */ = {
			isa = XCBuildConfiguration;
			buildSettings = {
				CODE_SIGN_ENTITLEMENTS = LoginHelper/LoginHelper.entitlements;
				CODE_SIGN_STYLE = Automatic;
				COMBINE_HIDPI_IMAGES = YES;
				DEVELOPMENT_TEAM = FF973S8UP2;
				ENABLE_HARDENED_RUNTIME = YES;
				INFOPLIST_FILE = LoginHelper/Info.plist;
				LD_RUNPATH_SEARCH_PATHS = (
					"$(inherited)",
					"@executable_path/../Frameworks",
				);
				MACOSX_DEPLOYMENT_TARGET = 10.9;
				PRODUCT_BUNDLE_IDENTIFIER = com.jonny.LookUpHotKeyLoginHelper;
				PRODUCT_NAME = "$(TARGET_NAME)";
				SKIP_INSTALL = YES;
			};
			name = Release;
		};
/* End XCBuildConfiguration section */

/* Begin XCConfigurationList section */
		FB16CB3B2272022E00002CF2 /* Build configuration list for PBXProject "LookUpHotKey" */ = {
			isa = XCConfigurationList;
			buildConfigurations = (
				FB16CB522272022E00002CF2 /* Debug */,
				FB16CB532272022E00002CF2 /* Release */,
			);
			defaultConfigurationIsVisible = 0;
			defaultConfigurationName = Release;
		};
		FB16CB542272022E00002CF2 /* Build configuration list for PBXNativeTarget "LookUpHotKey" */ = {
			isa = XCConfigurationList;
			buildConfigurations = (
				FB16CB552272022E00002CF2 /* Debug */,
				FB16CB562272022E00002CF2 /* Release */,
			);
			defaultConfigurationIsVisible = 0;
			defaultConfigurationName = Release;
		};
		FB16CB6C2272068500002CF2 /* Build configuration list for PBXNativeTarget "LoginHelper" */ = {
			isa = XCConfigurationList;
			buildConfigurations = (
				FB16CB6D2272068500002CF2 /* Debug */,
				FB16CB6E2272068500002CF2 /* Release */,
			);
			defaultConfigurationIsVisible = 0;
			defaultConfigurationName = Release;
		};
/* End XCConfigurationList section */
	};
	rootObject = FB16CB382272022E00002CF2 /* Project object */;
}
